
Microsoft Visual Studio Solution File, Format Version 12.00
Project("{FAE04EC0-301F-11D3-BF4B-00C04F79EFBC}") = "TruvoID", "TruvoID.csproj", "{892AB6A3-F342-4A8C-A8E8-C528E7E0FF4A}"
EndProject
Project("{2150E333-8FDC-42A3-9474-1A3956D46DE8}") = "src", "src", "{827E0CD3-B72D-47B6-A68D-7590B98EB39B}"
EndProject
Project("{FAE04EC0-301F-11D3-BF4B-00C04F79EFBC}") = "TruvoID.Domain", "src\TruvoID.Domain\TruvoID.Domain.csproj", "{5AD898FE-142E-4F48-A66D-6F68D7BF82DC}"
EndProject
Project("{FAE04EC0-301F-11D3-BF4B-00C04F79EFBC}") = "TruvoID.Core", "src\TruvoID.Core\TruvoID.Core.csproj", "{1DD1F9DD-1A87-4380-8AD1-5C16B0661274}"
EndProject
Project("{FAE04EC0-301F-11D3-BF4B-00C04F79EFBC}") = "TruvoID.Infrastructure", "src\TruvoID.Infrastructure\TruvoID.Infrastructure.csproj", "{E8E17F7F-1A67-49EF-A1E9-2F932A12F92F}"
EndProject
Project("{FAE04EC0-301F-11D3-BF4B-00C04F79EFBC}") = "TruvoID.API", "src\TruvoID.API\TruvoID.API.csproj", "{C36F8EE1-3700-4C8E-8A63-1D38D100378B}"
EndProject
Global
	GlobalSection(SolutionConfigurationPlatforms) = preSolution
		Debug|Any CPU = Debug|Any CPU
		Debug|x64 = Debug|x64
		Debug|x86 = Debug|x86
		Release|Any CPU = Release|Any CPU
		Release|x64 = Release|x64
		Release|x86 = Release|x86
	EndGlobalSection
	GlobalSection(ProjectConfigurationPlatforms) = postSolution
		{892AB6A3-F342-4A8C-A8E8-C528E7E0FF4A}.Debug|Any CPU.ActiveCfg = Debug|Any CPU
		{892AB6A3-F342-4A8C-A8E8-C528E7E0FF4A}.Debug|Any CPU.Build.0 = Debug|Any CPU
		{892AB6A3-F342-4A8C-A8E8-C528E7E0FF4A}.Debug|x64.ActiveCfg = Debug|Any CPU
		{892AB6A3-F342-4A8C-A8E8-C528E7E0FF4A}.Debug|x64.Build.0 = Debug|Any CPU
		{892AB6A3-F342-4A8C-A8E8-C528E7E0FF4A}.Debug|x86.ActiveCfg = Debug|Any CPU
		{892AB6A3-F342-4A8C-A8E8-C528E7E0FF4A}.Debug|x86.Build.0 = Debug|Any CPU
		{892AB6A3-F342-4A8C-A8E8-C528E7E0FF4A}.Release|Any CPU.ActiveCfg = Release|Any CPU
		{892AB6A3-F342-4A8C-A8E8-C528E7E0FF4A}.Release|Any CPU.Build.0 = Release|Any CPU
		{892AB6A3-F342-4A8C-A8E8-C528E7E0FF4A}.Release|x64.ActiveCfg = Release|Any CPU
		{892AB6A3-F342-4A8C-A8E8-C528E7E0FF4A}.Release|x64.Build.0 = Release|Any CPU
		{892AB6A3-F342-4A8C-A8E8-C528E7E0FF4A}.Release|x86.ActiveCfg = Release|Any CPU
		{892AB6A3-F342-4A8C-A8E8-C528E7E0FF4A}.Release|x86.Build.0 = Release|Any CPU
		{5AD898FE-142E-4F48-A66D-6F68D7BF82DC}.Debug|Any CPU.ActiveCfg = Debug|Any CPU
		{5AD898FE-142E-4F48-A66D-6F68D7BF82DC}.Debug|Any CPU.Build.0 = Debug|Any CPU
		{5AD898FE-142E-4F48-A66D-6F68D7BF82DC}.Debug|x64.ActiveCfg = Debug|Any CPU
		{5AD898FE-142E-4F48-A66D-6F68D7BF82DC}.Debug|x64.Build.0 = Debug|Any CPU
		{5AD898FE-142E-4F48-A66D-6F68D7BF82DC}.Debug|x86.ActiveCfg = Debug|Any CPU
		{5AD898FE-142E-4F48-A66D-6F68D7BF82DC}.Debug|x86.Build.0 = Debug|Any CPU
		{5AD898FE-142E-4F48-A66D-6F68D7BF82DC}.Release|Any CPU.ActiveCfg = Release|Any CPU
		{5AD898FE-142E-4F48-A66D-6F68D7BF82DC}.Release|Any CPU.Build.0 = Release|Any CPU
		{5AD898FE-142E-4F48-A66D-6F68D7BF82DC}.Release|x64.ActiveCfg = Release|Any CPU
		{5AD898FE-142E-4F48-A66D-6F68D7BF82DC}.Release|x64.Build.0 = Release|Any CPU
		{5AD898FE-142E-4F48-A66D-6F68D7BF82DC}.Release|x86.ActiveCfg = Release|Any CPU
		{5AD898FE-142E-4F48-A66D-6F68D7BF82DC}.Release|x86.Build.0 = Release|Any CPU
		{1DD1F9DD-1A87-4380-8AD1-5C16B0661274}.Debug|Any CPU.ActiveCfg = Debug|Any CPU
		{1DD1F9DD-1A87-4380-8AD1-5C16B0661274}.Debug|Any CPU.Build.0 = Debug|Any CPU
		{1DD1F9DD-1A87-4380-8AD1-5C16B0661274}.Debug|x64.ActiveCfg = Debug|Any CPU
		{1DD1F9DD-1A87-4380-8AD1-5C16B0661274}.Debug|x64.Build.0 = Debug|Any CPU
		{1DD1F9DD-1A87-4380-8AD1-5C16B0661274}.Debug|x86.ActiveCfg = Debug|Any CPU
		{1DD1F9DD-1A87-4380-8AD1-5C16B0661274}.Debug|x86.Build.0 = Debug|Any CPU
		{1DD1F9DD-1A87-4380-8AD1-5C16B0661274}.Release|Any CPU.ActiveCfg = Release|Any CPU
		{1DD1F9DD-1A87-4380-8AD1-5C16B0661274}.Release|Any CPU.Build.0 = Release|Any CPU
		{1DD1F9DD-1A87-4380-8AD1-5C16B0661274}.Release|x64.ActiveCfg = Release|Any CPU
		{1DD1F9DD-1A87-4380-8AD1-5C16B0661274}.Release|x64.Build.0 = Release|Any CPU
		{1DD1F9DD-1A87-4380-8AD1-5C16B0661274}.Release|x86.ActiveCfg = Release|Any CPU
		{1DD1F9DD-1A87-4380-8AD1-5C16B0661274}.Release|x86.Build.0 = Release|Any CPU
		{E8E17F7F-1A67-49EF-A1E9-2F932A12F92F}.Debug|Any CPU.ActiveCfg = Debug|Any CPU
		{E8E17F7F-1A67-49EF-A1E9-2F932A12F92F}.Debug|Any CPU.Build.0 = Debug|Any CPU
		{E8E17F7F-1A67-49EF-A1E9-2F932A12F92F}.Debug|x64.ActiveCfg = Debug|Any CPU
		{E8E17F7F-1A67-49EF-A1E9-2F932A12F92F}.Debug|x64.Build.0 = Debug|Any CPU
		{E8E17F7F-1A67-49EF-A1E9-2F932A12F92F}.Debug|x86.ActiveCfg = Debug|Any CPU
		{E8E17F7F-1A67-49EF-A1E9-2F932A12F92F}.Debug|x86.Build.0 = Debug|Any CPU
		{E8E17F7F-1A67-49EF-A1E9-2F932A12F92F}.Release|Any CPU.ActiveCfg = Release|Any CPU
		{E8E17F7F-1A67-49EF-A1E9-2F932A12F92F}.Release|Any CPU.Build.0 = Release|Any CPU
		{E8E17F7F-1A67-49EF-A1E9-2F932A12F92F}.Release|x64.ActiveCfg = Release|Any CPU
		{E8E17F7F-1A67-49EF-A1E9-2F932A12F92F}.Release|x64.Build.0 = Release|Any CPU
		{E8E17F7F-1A67-49EF-A1E9-2F932A12F92F}.Release|x86.ActiveCfg = Release|Any CPU
		{E8E17F7F-1A67-49EF-A1E9-2F932A12F92F}.Release|x86.Build.0 = Release|Any CPU
		{C36F8EE1-3700-4C8E-8A63-1D38D100378B}.Debug|Any CPU.ActiveCfg = Debug|Any CPU
		{C36F8EE1-3700-4C8E-8A63-1D38D100378B}.Debug|Any CPU.Build.0 = Debug|Any CPU
		{C36F8EE1-3700-4C8E-8A63-1D38D100378B}.Debug|x64.ActiveCfg = Debug|Any CPU
		{C36F8EE1-3700-4C8E-8A63-1D38D100378B}.Debug|x64.Build.0 = Debug|Any CPU
		{C36F8EE1-3700-4C8E-8A63-1D38D100378B}.Debug|x86.ActiveCfg = Debug|Any CPU
		{C36F8EE1-3700-4C8E-8A63-1D38D100378B}.Debug|x86.Build.0 = Debug|Any CPU
		{C36F8EE1-3700-4C8E-8A63-1D38D100378B}.Release|Any CPU.ActiveCfg = Release|Any CPU
		{C36F8EE1-3700-4C8E-8A63-1D38D100378B}.Release|Any CPU.Build.0 = Release|Any CPU
		{C36F8EE1-3700-4C8E-8A63-1D38D100378B}.Release|x64.ActiveCfg = Release|Any CPU
		{C36F8EE1-3700-4C8E-8A63-1D38D100378B}.Release|x64.Build.0 = Release|Any CPU
		{C36F8EE1-3700-4C8E-8A63-1D38D100378B}.Release|x86.ActiveCfg = Release|Any CPU
		{C36F8EE1-3700-4C8E-8A63-1D38D100378B}.Release|x86.Build.0 = Release|Any CPU
	EndGlobalSection
	GlobalSection(SolutionProperties) = preSolution
		HideSolutionNode = FALSE
	EndGlobalSection
	GlobalSection(NestedProjects) = preSolution
		{5AD898FE-142E-4F48-A66D-6F68D7BF82DC} = {827E0CD3-B72D-47B6-A68D-7590B98EB39B}
		{1DD1F9DD-1A87-4380-8AD1-5C16B0661274} = {827E0CD3-B72D-47B6-A68D-7590B98EB39B}
		{E8E17F7F-1A67-49EF-A1E9-2F932A12F92F} = {827E0CD3-B72D-47B6-A68D-7590B98EB39B}
		{C36F8EE1-3700-4C8E-8A63-1D38D100378B} = {827E0CD3-B72D-47B6-A68D-7590B98EB39B}
	EndGlobalSection
EndGlobal
